
Microsoft Visual Studio Solution File, Format Version 12.00
# Visual Studio Version 16
VisualStudioVersion = 16.0.29926.136
MinimumVisualStudioVersion = 10.0.40219.1
Project("{FAE04EC0-301F-11D3-BF4B-00C04F79EFBC}") = "Нечёткий  вывод", "Нечёткий  вывод.csproj", "{EA7336B8-BFA5-4725-BD5E-D22120F33359}"
EndProject
Global
	GlobalSection(SolutionConfigurationPlatforms) = preSolution
		Debug|Any CPU = Debug|Any CPU
		Release|Any CPU = Release|Any CPU
	EndGlobalSection
	GlobalSection(ProjectConfigurationPlatforms) = postSolution
		{EA7336B8-BFA5-4725-BD5E-D22120F33359}.Debug|Any CPU.ActiveCfg = Debug|Any CPU
		{EA7336B8-BFA5-4725-BD5E-D22120F33359}.Debug|Any CPU.Build.0 = Debug|Any CPU
		{EA7336B8-BFA5-4725-BD5E-D22120F33359}.Release|Any CPU.ActiveCfg = Release|Any CPU
		{EA7336B8-BFA5-4725-BD5E-D22120F33359}.Release|Any CPU.Build.0 = Release|Any CPU
	EndGlobalSection
	GlobalSection(SolutionProperties) = preSolution
		HideSolutionNode = FALSE
	EndGlobalSection
	GlobalSection(ExtensibilityGlobals) = postSolution
		SolutionGuid = {B4D75688-BF2B-48FB-9251-EBEF39B94283}
	EndGlobalSection
EndGlobal
